Microsoft Visual Studio Solution File, Format Version 11.00
# Visual Studio 2008

Project("{F5C35EE8-289B-5E52-6354-BE3D7D3F9F97}") = "SpeedTouch", "Assembly-CSharp.csproj", "{8F3E587E-0D60-091C-2DCE-F0B7BB2ED2A9}"
EndProject
Project("{F5C35EE8-289B-5E52-6354-BE3D7D3F9F97}") = "SpeedTouch", "Assembly-CSharp-Editor.csproj", "{8F21E914-BB00-948E-BD0B-EEC4C5A74191}"
EndProject
Global
	GlobalSection(SolutionConfigurationPlatforms) = preSolution
		Debug|Any CPU = Debug|Any CPU
		Release|Any CPU = Release|Any CPU
	EndGlobalSection
	GlobalSection(ProjectConfigurationPlatforms) = postSolution
		{8F3E587E-0D60-091C-2DCE-F0B7BB2ED2A9}.Debug|Any CPU.ActiveCfg = Debug|Any CPU
		{8F3E587E-0D60-091C-2DCE-F0B7BB2ED2A9}.Debug|Any CPU.Build.0 = Debug|Any CPU
		{8F3E587E-0D60-091C-2DCE-F0B7BB2ED2A9}.Release|Any CPU.ActiveCfg = Release|Any CPU
		{8F3E587E-0D60-091C-2DCE-F0B7BB2ED2A9}.Release|Any CPU.Build.0 = Release|Any CPU
		{8F21E914-BB00-948E-BD0B-EEC4C5A74191}.Debug|Any CPU.ActiveCfg = Debug|Any CPU
		{8F21E914-BB00-948E-BD0B-EEC4C5A74191}.Debug|Any CPU.Build.0 = Debug|Any CPU
		{8F21E914-BB00-948E-BD0B-EEC4C5A74191}.Release|Any CPU.ActiveCfg = Release|Any CPU
		{8F21E914-BB00-948E-BD0B-EEC4C5A74191}.Release|Any CPU.Build.0 = Release|Any CPU
	EndGlobalSection
	GlobalSection(SolutionProperties) = preSolution
		HideSolutionNode = FALSE
	EndGlobalSection
	GlobalSection(MonoDevelopProperties) = preSolution
		StartupItem = Assembly-CSharp.csproj
	EndGlobalSection
EndGlobal
